// !$*UTF8*$!
{
	archiveVersion = 1;
	classes = {
	};
	objectVersion = 46;
	objects = {

/* Begin PBXBuildFile section */
		01368DCB1A09273B00DE2DDA /* ALAddToDoItem.xib in Resources */ = {isa = PBXBuildFile; fileRef = 01368DCA1A09273B00DE2DDA /* ALAddToDoItem.xib */; };
		01368DCF1A09701B00DE2DDA /* ALUpdateListController.m in Sources */ = {isa = PBXBuildFile; fileRef = 01368DCD1A09701B00DE2DDA /* ALUpdateListController.m */; };
		01368DD01A09701B00DE2DDA /* ALUpdateListController.xib in Resources */ = {isa = PBXBuildFile; fileRef = 01368DCE1A09701B00DE2DDA /* ALUpdateListController.xib */; };
		01B6CB591A1BBEF500520427 /* ALPrinciplesViewController.m in Sources */ = {isa = PBXBuildFile; fileRef = 01B6CB571A1BBEF500520427 /* ALPrinciplesViewController.m */; };
		01B6CB5A1A1BBEF500520427 /* ALPrinciplesViewController.xib in Resources */ = {isa = PBXBuildFile; fileRef = 01B6CB581A1BBEF500520427 /* ALPrinciplesViewController.xib */; };
		01B6CB5E1A1BDFEF00520427 /* ALMapPin.m in Sources */ = {isa = PBXBuildFile; fileRef = 01B6CB5D1A1BDFEF00520427 /* ALMapPin.m */; };
		01BD8C741A1FDF490082CE29 /* ALDirectionsViewController.m in Sources */ = {isa = PBXBuildFile; fileRef = 01BD8C721A1FDF490082CE29 /* ALDirectionsViewController.m */; };
		01BD8C751A1FDF490082CE29 /* ALDirectionsViewController.xib in Resources */ = {isa = PBXBuildFile; fileRef = 01BD8C731A1FDF490082CE29 /* ALDirectionsViewController.xib */; };
		01CFB86519F9576700EE824B /* CoreData.framework in Frameworks */ = {isa = PBXBuildFile; fileRef = 01CFB86419F9576700EE824B /* CoreData.framework */; };
		01CFB86919F957D400EE824B /* ToDoData.xcdatamodeld in Sources */ = {isa = PBXBuildFile; fileRef = 01CFB86719F957D400EE824B /* ToDoData.xcdatamodeld */; };
		01CFB87819F96C4C00EE824B /* ALToDoTable.m in Sources */ = {isa = PBXBuildFile; fileRef = 01CFB87619F96C4C00EE824B /* ALToDoTable.m */; };
		01CFB87919F96C4C00EE824B /* ALToDoTable.xib in Resources */ = {isa = PBXBuildFile; fileRef = 01CFB87719F96C4C00EE824B /* ALToDoTable.xib */; };
		01CFB87D19FADEDC00EE824B /* ALToDoCell.m in Sources */ = {isa = PBXBuildFile; fileRef = 01CFB87B19FADEDC00EE824B /* ALToDoCell.m */; };
		01CFB87E19FADEDC00EE824B /* ALToDoCell.xib in Resources */ = {isa = PBXBuildFile; fileRef = 01CFB87C19FADEDC00EE824B /* ALToDoCell.xib */; };
		01DE9ED21A1F91C700F2EF9B /* ALPrincipleDescriptionController.m in Sources */ = {isa = PBXBuildFile; fileRef = 01DE9ED01A1F91C700F2EF9B /* ALPrincipleDescriptionController.m */; };
		01DE9ED31A1F91C700F2EF9B /* ALPrincipleDescriptionController.xib in Resources */ = {isa = PBXBuildFile; fileRef = 01DE9ED11A1F91C700F2EF9B /* ALPrincipleDescriptionController.xib */; };
		01F0AE641A1A549D006A1AC8 /* MapKit.framework in Frameworks */ = {isa = PBXBuildFile; fileRef = 01F0AE631A1A549D006A1AC8 /* MapKit.framework */; };
		01F0AE681A1A5504006A1AC8 /* ALMapViewController.m in Sources */ = {isa = PBXBuildFile; fileRef = 01F0AE661A1A5504006A1AC8 /* ALMapViewController.m */; };
		01F0AE691A1A5504006A1AC8 /* ALMapViewController.xib in Resources */ = {isa = PBXBuildFile; fileRef = 01F0AE671A1A5504006A1AC8 /* ALMapViewController.xib */; };
		240F392D197A2EB80087D566 /* Parse.framework in Frameworks */ = {isa = PBXBuildFile; fileRef = 240F392C197A2EB80087D566 /* Parse.framework */; };
		240F392F197A2EC70087D566 /* AudioToolbox.framework in Frameworks */ = {isa = PBXBuildFile; fileRef = 240F392E197A2EC70087D566 /* AudioToolbox.framework */; };
		240F3931197A2ED70087D566 /* CFNetwork.framework in Frameworks */ = {isa = PBXBuildFile; fileRef = 240F3930197A2ED70087D566 /* CFNetwork.framework */; };
		240F3933197A2EE20087D566 /* CoreLocation.framework in Frameworks */ = {isa = PBXBuildFile; fileRef = 240F3932197A2EE20087D566 /* CoreLocation.framework */; };
		240F3935197A2EE90087D566 /* libz.1.1.3.dylib in Frameworks */ = {isa = PBXBuildFile; fileRef = 240F3934197A2EE90087D566 /* libz.1.1.3.dylib */; };
		240F3937197A2EF10087D566 /* MobileCoreServices.framework in Frameworks */ = {isa = PBXBuildFile; fileRef = 240F3936197A2EF10087D566 /* MobileCoreServices.framework */; };
		240F3939197A2EF50087D566 /* QuartzCore.framework in Frameworks */ = {isa = PBXBuildFile; fileRef = 240F3938197A2EF50087D566 /* QuartzCore.framework */; };
		240F393B197A2EFB0087D566 /* Security.framework in Frameworks */ = {isa = PBXBuildFile; fileRef = 240F393A197A2EFB0087D566 /* Security.framework */; };
		240F393D197A2EFF0087D566 /* StoreKit.framework in Frameworks */ = {isa = PBXBuildFile; fileRef = 240F393C197A2EFF0087D566 /* StoreKit.framework */; };
		240F393F197A2F040087D566 /* SystemConfiguration.framework in Frameworks */ = {isa = PBXBuildFile; fileRef = 240F393E197A2F040087D566 /* SystemConfiguration.framework */; };
		240F39C7197A2FA70087D566 /* Twitter.framework in Frameworks */ = {isa = PBXBuildFile; fileRef = 240F39C6197A2FA70087D566 /* Twitter.framework */; };
		240F39C9197A30680087D566 /* Social.framework in Frameworks */ = {isa = PBXBuildFile; fileRef = 240F39C8197A30680087D566 /* Social.framework */; };
		24370778194FCB3B00D8040E /* Foundation.framework in Frameworks */ = {isa = PBXBuildFile; fileRef = 24370777194FCB3B00D8040E /* Foundation.framework */; };
		2437077A194FCB3B00D8040E /* CoreGraphics.framework in Frameworks */ = {isa = PBXBuildFile; fileRef = 24370779194FCB3B00D8040E /* CoreGraphics.framework */; };
		2437077C194FCB3B00D8040E /* UIKit.framework in Frameworks */ = {isa = PBXBuildFile; fileRef = 2437077B194FCB3B00D8040E /* UIKit.framework */; };
		24370782194FCB3B00D8040E /* InfoPlist.strings in Resources */ = {isa = PBXBuildFile; fileRef = 24370780194FCB3B00D8040E /* InfoPlist.strings */; };
		24370784194FCB3B00D8040E /* main.m in Sources */ = {isa = PBXBuildFile; fileRef = 24370783194FCB3B00D8040E /* main.m */; };
		24370788194FCB3B00D8040E /* ALAppDelegate.m in Sources */ = {isa = PBXBuildFile; fileRef = 24370787194FCB3B00D8040E /* ALAppDelegate.m */; };
		2437078A194FCB3B00D8040E /* Images.xcassets in Resources */ = {isa = PBXBuildFile; fileRef = 24370789194FCB3B00D8040E /* Images.xcassets */; };
		24370791194FCB3B00D8040E /* XCTest.framework in Frameworks */ = {isa = PBXBuildFile; fileRef = 24370790194FCB3B00D8040E /* XCTest.framework */; };
		24370792194FCB3B00D8040E /* Foundation.framework in Frameworks */ = {isa = PBXBuildFile; fileRef = 24370777194FCB3B00D8040E /* Foundation.framework */; };
		24370793194FCB3B00D8040E /* UIKit.framework in Frameworks */ = {isa = PBXBuildFile; fileRef = 2437077B194FCB3B00D8040E /* UIKit.framework */; };
		2437079B194FCB3B00D8040E /* InfoPlist.strings in Resources */ = {isa = PBXBuildFile; fileRef = 24370799194FCB3B00D8040E /* InfoPlist.strings */; };
		2437079D194FCB3B00D8040E /* LakesKrakenTests.m in Sources */ = {isa = PBXBuildFile; fileRef = 2437079C194FCB3B00D8040E /* LakesKrakenTests.m */; };
		243707A9194FCB6400D8040E /* ALWelcomeView.m in Sources */ = {isa = PBXBuildFile; fileRef = 243707A7194FCB6400D8040E /* ALWelcomeView.m */; };
		243707AA194FCB6400D8040E /* ALWelcomeView.xib in Resources */ = {isa = PBXBuildFile; fileRef = 243707A8194FCB6400D8040E /* ALWelcomeView.xib */; };
		246C182D197D906500BE9990 /* ALFilterEvent.m in Sources */ = {isa = PBXBuildFile; fileRef = 246C182C197D906500BE9990 /* ALFilterEvent.m */; };
		246C1831197D942D00BE9990 /* ALSearchResultsViewController.m in Sources */ = {isa = PBXBuildFile; fileRef = 246C182F197D942D00BE9990 /* ALSearchResultsViewController.m */; };
		246C1832197D942D00BE9990 /* ALSearchResultsViewController.xib in Resources */ = {isa = PBXBuildFile; fileRef = 246C1830197D942D00BE9990 /* ALSearchResultsViewController.xib */; };
		246C1835197D9A9700BE9990 /* ALParseQuery.m in Sources */ = {isa = PBXBuildFile; fileRef = 246C1834197D9A9700BE9990 /* ALParseQuery.m */; };
		24982E051986D3650094191E /* ALKrakenPhotoController.m in Sources */ = {isa = PBXBuildFile; fileRef = 24982E031986D3650094191E /* ALKrakenPhotoController.m */; };
		24982E061986D3650094191E /* ALKrakenPhotoController.xib in Resources */ = {isa = PBXBuildFile; fileRef = 24982E041986D3650094191E /* ALKrakenPhotoController.xib */; };
		24982E0A1987EB850094191E /* ALThumbCollectionCell.m in Sources */ = {isa = PBXBuildFile; fileRef = 24982E091987EB850094191E /* ALThumbCollectionCell.m */; };
		24982E0C1987EEFC0094191E /* ALThumbCollectionCell.xib in Resources */ = {isa = PBXBuildFile; fileRef = 24982E0B1987EEFC0094191E /* ALThumbCollectionCell.xib */; };
		24A60E2119BE9020009657F7 /* ALAddToDoItem.m in Sources */ = {isa = PBXBuildFile; fileRef = 24A60E1D19BE9020009657F7 /* ALAddToDoItem.m */; };
		24A7C5FB19744926005FAB18 /* menuViewController.m in Sources */ = {isa = PBXBuildFile; fileRef = 24A7C5F919744926005FAB18 /* menuViewController.m */; };
		24A7C5FC19744926005FAB18 /* menuViewController.xib in Resources */ = {isa = PBXBuildFile; fileRef = 24A7C5FA19744926005FAB18 /* menuViewController.xib */; };
		24A7C5FE19744CF9005FAB18 /* AVFoundation.framework in Frameworks */ = {isa = PBXBuildFile; fileRef = 24A7C5FD19744CF9005FAB18 /* AVFoundation.framework */; };
		24A7C60319744E76005FAB18 /* OceanSounds.mp3 in Resources */ = {isa = PBXBuildFile; fileRef = 24A7C60219744E76005FAB18 /* OceanSounds.mp3 */; };
		24ACAEC619CA054E00293B61 /* (null) in Resources */ = {isa = PBXBuildFile; };
		24B1CCD2197A318C000B7309 /* ALEvent.m in Sources */ = {isa = PBXBuildFile; fileRef = 24B1CCCB197A318C000B7309 /* ALEvent.m */; };
		24B1CCD3197A318C000B7309 /* ALScheduleTableViewCell.m in Sources */ = {isa = PBXBuildFile; fileRef = 24B1CCCD197A318C000B7309 /* ALScheduleTableViewCell.m */; };
		24B1CCD4197A318C000B7309 /* ALScheduleTableViewCell.xib in Resources */ = {isa = PBXBuildFile; fileRef = 24B1CCCE197A318C000B7309 /* ALScheduleTableViewCell.xib */; };
		24B1CCD5197A318C000B7309 /* ALSearchScheduleViewController.m in Sources */ = {isa = PBXBuildFile; fileRef = 24B1CCD0197A318C000B7309 /* ALSearchScheduleViewController.m */; };
		24B1CCD6197A318C000B7309 /* ALSearchScheduleViewController.xib in Resources */ = {isa = PBXBuildFile; fileRef = 24B1CCD1197A318C000B7309 /* ALSearchScheduleViewController.xib */; };
		387300DABE4A41F3B5CD7CED /* libPods-LakesKraken.a in Frameworks */ = {isa = PBXBuildFile; fileRef = 16A46122170A4BCE821B9F3E /* libPods-LakesKraken.a */; };
/* End PBXBuildFile section */

/* Begin PBXContainerItemProxy section */
		24370794194FCB3B00D8040E /* PBXContainerItemProxy */ = {
			isa = PBXContainerItemProxy;
			containerPortal = 2437076C194FCB3B00D8040E /* Project object */;
			proxyType = 1;
			remoteGlobalIDString = 24370773194FCB3B00D8040E;
			remoteInfo = LakesKraken;
		};
/* End PBXContainerItemProxy section */

/* Begin PBXFileReference section */
		01368DCA1A09273B00DE2DDA /* ALAddToDoItem.xib */ = {isa = PBXFileReference; fileEncoding = 4; lastKnownFileType = file.xib; path = ALAddToDoItem.xib; sourceTree = "<group>"; };
		01368DCC1A09701B00DE2DDA /* ALUpdateListController.h */ = {isa = PBXFileReference; fileEncoding = 4; lastKnownFileType = sourcecode.c.h; path = ALUpdateListController.h; sourceTree = "<group>"; };
		01368DCD1A09701B00DE2DDA /* ALUpdateListController.m */ = {isa = PBXFileReference; fileEncoding = 4; lastKnownFileType = sourcecode.c.objc; path = ALUpdateListController.m; sourceTree = "<group>"; };
		01368DCE1A09701B00DE2DDA /* ALUpdateListController.xib */ = {isa = PBXFileReference; fileEncoding = 4; lastKnownFileType = file.xib; path = ALUpdateListController.xib; sourceTree = "<group>"; };
		01B6CB561A1BBEF500520427 /* ALPrinciplesViewController.h */ = {isa = PBXFileReference; fileEncoding = 4; lastKnownFileType = sourcecode.c.h; path = ALPrinciplesViewController.h; sourceTree = "<group>"; };
		01B6CB571A1BBEF500520427 /* ALPrinciplesViewController.m */ = {isa = PBXFileReference; fileEncoding = 4; lastKnownFileType = sourcecode.c.objc; path = ALPrinciplesViewController.m; sourceTree = "<group>"; };
		01B6CB581A1BBEF500520427 /* ALPrinciplesViewController.xib */ = {isa = PBXFileReference; fileEncoding = 4; lastKnownFileType = file.xib; path = ALPrinciplesViewController.xib; sourceTree = "<group>"; };
		01B6CB5C1A1BDFEF00520427 /* ALMapPin.h */ = {isa = PBXFileReference; fileEncoding = 4; lastKnownFileType = sourcecode.c.h; path = ALMapPin.h; sourceTree = "<group>"; };
		01B6CB5D1A1BDFEF00520427 /* ALMapPin.m */ = {isa = PBXFileReference; fileEncoding = 4; lastKnownFileType = sourcecode.c.objc; path = ALMapPin.m; sourceTree = "<group>"; };
		01BD8C711A1FDF490082CE29 /* ALDirectionsViewController.h */ = {isa = PBXFileReference; fileEncoding = 4; lastKnownFileType = sourcecode.c.h; path = ALDirectionsViewController.h; sourceTree = "<group>"; };
		01BD8C721A1FDF490082CE29 /* ALDirectionsViewController.m */ = {isa = PBXFileReference; fileEncoding = 4; lastKnownFileType = sourcecode.c.objc; path = ALDirectionsViewController.m; sourceTree = "<group>"; };
		01BD8C731A1FDF490082CE29 /* ALDirectionsViewController.xib */ = {isa = PBXFileReference; fileEncoding = 4; lastKnownFileType = file.xib; path = ALDirectionsViewController.xib; sourceTree = "<group>"; };
		01CFB86419F9576700EE824B /* CoreData.framework */ = {isa = PBXFileReference; lastKnownFileType = wrapper.framework; name = CoreData.framework; path = System/Library/Frameworks/CoreData.framework; sourceTree = SDKROOT; };
		01CFB86819F957D400EE824B /* ToDoData.xcdatamodel */ = {isa = PBXFileReference; lastKnownFileType = wrapper.xcdatamodel; path = ToDoData.xcdatamodel; sourceTree = "<group>"; };
		01CFB87519F96C4C00EE824B /* ALToDoTable.h */ = {isa = PBXFileReference; fileEncoding = 4; lastKnownFileType = sourcecode.c.h; path = ALToDoTable.h; sourceTree = "<group>"; };
		01CFB87619F96C4C00EE824B /* ALToDoTable.m */ = {isa = PBXFileReference; fileEncoding = 4; lastKnownFileType = sourcecode.c.objc; path = ALToDoTable.m; sourceTree = "<group>"; };
		01CFB87719F96C4C00EE824B /* ALToDoTable.xib */ = {isa = PBXFileReference; fileEncoding = 4; lastKnownFileType = file.xib; path = ALToDoTable.xib; sourceTree = "<group>"; };
		01CFB87A19FADEDC00EE824B /* ALToDoCell.h */ = {isa = PBXFileReference; fileEncoding = 4; lastKnownFileType = sourcecode.c.h; path = ALToDoCell.h; sourceTree = "<group>"; };
		01CFB87B19FADEDC00EE824B /* ALToDoCell.m */ = {isa = PBXFileReference; fileEncoding = 4; lastKnownFileType = sourcecode.c.objc; path = ALToDoCell.m; sourceTree = "<group>"; };
		01CFB87C19FADEDC00EE824B /* ALToDoCell.xib */ = {isa = PBXFileReference; fileEncoding = 4; lastKnownFileType = file.xib; path = ALToDoCell.xib; sourceTree = "<group>"; };
		01DE9ECF1A1F91C700F2EF9B /* ALPrincipleDescriptionController.h */ = {isa = PBXFileReference; fileEncoding = 4; lastKnownFileType = sourcecode.c.h; path = ALPrincipleDescriptionController.h; sourceTree = "<group>"; };
		01DE9ED01A1F91C700F2EF9B /* ALPrincipleDescriptionController.m */ = {isa = PBXFileReference; fileEncoding = 4; lastKnownFileType = sourcecode.c.objc; path = ALPrincipleDescriptionController.m; sourceTree = "<group>"; };
		01DE9ED11A1F91C700F2EF9B /* ALPrincipleDescriptionController.xib */ = {isa = PBXFileReference; fileEncoding = 4; lastKnownFileType = file.xib; path = ALPrincipleDescriptionController.xib; sourceTree = "<group>"; };
		01F0AE631A1A549D006A1AC8 /* MapKit.framework */ = {isa = PBXFileReference; lastKnownFileType = wrapper.framework; name = MapKit.framework; path = System/Library/Frameworks/MapKit.framework; sourceTree = SDKROOT; };
		01F0AE651A1A5504006A1AC8 /* ALMapViewController.h */ = {isa = PBXFileReference; fileEncoding = 4; lastKnownFileType = sourcecode.c.h; path = ALMapViewController.h; sourceTree = "<group>"; };
		01F0AE661A1A5504006A1AC8 /* ALMapViewController.m */ = {isa = PBXFileReference; fileEncoding = 4; lastKnownFileType = sourcecode.c.objc; path = ALMapViewController.m; sourceTree = "<group>"; };
		01F0AE671A1A5504006A1AC8 /* ALMapViewController.xib */ = {isa = PBXFileReference; fileEncoding = 4; lastKnownFileType = file.xib; path = ALMapViewController.xib; sourceTree = "<group>"; };
		16A46122170A4BCE821B9F3E /* libPods-LakesKraken.a */ = {isa = PBXFileReference; explicitFileType = archive.ar; includeInIndex = 0; path = "libPods-LakesKraken.a"; sourceTree = BUILT_PRODUCTS_DIR; };
		240F392C197A2EB80087D566 /* Parse.framework */ = {isa = PBXFileReference; lastKnownFileType = wrapper.framework; path = Parse.framework; sourceTree = "<group>"; };
		240F392E197A2EC70087D566 /* AudioToolbox.framework */ = {isa = PBXFileReference; lastKnownFileType = wrapper.framework; name = AudioToolbox.framework; path = System/Library/Frameworks/AudioToolbox.framework; sourceTree = SDKROOT; };
		240F3930197A2ED70087D566 /* CFNetwork.framework */ = {isa = PBXFileReference; lastKnownFileType = wrapper.framework; name = CFNetwork.framework; path = System/Library/Frameworks/CFNetwork.framework; sourceTree = SDKROOT; };
		240F3932197A2EE20087D566 /* CoreLocation.framework */ = {isa = PBXFileReference; lastKnownFileType = wrapper.framework; name = CoreLocation.framework; path = System/Library/Frameworks/CoreLocation.framework; sourceTree = SDKROOT; };
		240F3934197A2EE90087D566 /* libz.1.1.3.dylib */ = {isa = PBXFileReference; lastKnownFileType = "compiled.mach-o.dylib"; name = libz.1.1.3.dylib; path = usr/lib/libz.1.1.3.dylib; sourceTree = SDKROOT; };
		240F3936197A2EF10087D566 /* MobileCoreServices.framework */ = {isa = PBXFileReference; lastKnownFileType = wrapper.framework; name = MobileCoreServices.framework; path = System/Library/Frameworks/MobileCoreServices.framework; sourceTree = SDKROOT; };
		240F3938197A2EF50087D566 /* QuartzCore.framework */ = {isa = PBXFileReference; lastKnownFileType = wrapper.framework; name = QuartzCore.framework; path = System/Library/Frameworks/QuartzCore.framework; sourceTree = SDKROOT; };
		240F393A197A2EFB0087D566 /* Security.framework */ = {isa = PBXFileReference; lastKnownFileType = wrapper.framework; name = Security.framework; path = System/Library/Frameworks/Security.framework; sourceTree = SDKROOT; };
		240F393C197A2EFF0087D566 /* StoreKit.framework */ = {isa = PBXFileReference; lastKnownFileType = wrapper.framework; name = StoreKit.framework; path = System/Library/Frameworks/StoreKit.framework; sourceTree = SDKROOT; };
		240F393E197A2F040087D566 /* SystemConfiguration.framework */ = {isa = PBXFileReference; lastKnownFileType = wrapper.framework; name = SystemConfiguration.framework; path = System/Library/Frameworks/SystemConfiguration.framework; sourceTree = SDKROOT; };
		240F39C6197A2FA70087D566 /* Twitter.framework */ = {isa = PBXFileReference; lastKnownFileType = wrapper.framework; name = Twitter.framework; path = System/Library/Frameworks/Twitter.framework; sourceTree = SDKROOT; };
		240F39C8197A30680087D566 /* Social.framework */ = {isa = PBXFileReference; lastKnownFileType = wrapper.framework; name = Social.framework; path = System/Library/Frameworks/Social.framework; sourceTree = SDKROOT; };
		24370774194FCB3B00D8040E /* LakesKraken.app */ = {isa = PBXFileReference; explicitFileType = wrapper.application; includeInIndex = 0; path = LakesKraken.app; sourceTree = BUILT_PRODUCTS_DIR; };
		24370777194FCB3B00D8040E /* Foundation.framework */ = {isa = PBXFileReference; lastKnownFileType = wrapper.framework; name = Foundation.framework; path = System/Library/Frameworks/Foundation.framework; sourceTree = SDKROOT; };
		24370779194FCB3B00D8040E /* CoreGraphics.framework */ = {isa = PBXFileReference; lastKnownFileType = wrapper.framework; name = CoreGraphics.framework; path = System/Library/Frameworks/CoreGraphics.framework; sourceTree = SDKROOT; };
		2437077B194FCB3B00D8040E /* UIKit.framework */ = {isa = PBXFileReference; lastKnownFileType = wrapper.framework; name = UIKit.framework; path = System/Library/Frameworks/UIKit.framework; sourceTree = SDKROOT; };
		2437077F194FCB3B00D8040E /* LakesKraken-Info.plist */ = {isa = PBXFileReference; lastKnownFileType = text.plist.xml; path = "LakesKraken-Info.plist"; sourceTree = "<group>"; };
		24370781194FCB3B00D8040E /* en */ = {isa = PBXFileReference; lastKnownFileType = text.plist.strings; name = en; path = en.lproj/InfoPlist.strings; sourceTree = "<group>"; };
		24370783194FCB3B00D8040E /* main.m */ = {isa = PBXFileReference; lastKnownFileType = sourcecode.c.objc; path = main.m; sourceTree = "<group>"; };
		24370785194FCB3B00D8040E /* LakesKraken-Prefix.pch */ = {isa = PBXFileReference; lastKnownFileType = sourcecode.c.h; path = "LakesKraken-Prefix.pch"; sourceTree = "<group>"; };
		24370786194FCB3B00D8040E /* ALAppDelegate.h */ = {isa = PBXFileReference; lastKnownFileType = sourcecode.c.h; path = ALAppDelegate.h; sourceTree = "<group>"; };
		24370787194FCB3B00D8040E /* ALAppDelegate.m */ = {isa = PBXFileReference; lastKnownFileType = sourcecode.c.objc; path = ALAppDelegate.m; sourceTree = "<group>"; };
		24370789194FCB3B00D8040E /* Images.xcassets */ = {isa = PBXFileReference; lastKnownFileType = folder.assetcatalog; path = Images.xcassets; sourceTree = "<group>"; };
		2437078F194FCB3B00D8040E /* LakesKrakenTests.xctest */ = {isa = PBXFileReference; explicitFileType = wrapper.cfbundle; includeInIndex = 0; path = LakesKrakenTests.xctest; sourceTree = BUILT_PRODUCTS_DIR; };
		24370790194FCB3B00D8040E /* XCTest.framework */ = {isa = PBXFileReference; lastKnownFileType = wrapper.framework; name = XCTest.framework; path = Library/Frameworks/XCTest.framework; sourceTree = DEVELOPER_DIR; };
		24370798194FCB3B00D8040E /* LakesKrakenTests-Info.plist */ = {isa = PBXFileReference; lastKnownFileType = text.plist.xml; path = "LakesKrakenTests-Info.plist"; sourceTree = "<group>"; };
		2437079A194FCB3B00D8040E /* en */ = {isa = PBXFileReference; lastKnownFileType = text.plist.strings; name = en; path = en.lproj/InfoPlist.strings; sourceTree = "<group>"; };
		2437079C194FCB3B00D8040E /* LakesKrakenTests.m */ = {isa = PBXFileReference; lastKnownFileType = sourcecode.c.objc; path = LakesKrakenTests.m; sourceTree = "<group>"; };
		243707A6194FCB6400D8040E /* ALWelcomeView.h */ = {isa = PBXFileReference; fileEncoding = 4; lastKnownFileType = sourcecode.c.h; name = ALWelcomeView.h; path = ../ALWelcomeView.h; sourceTree = "<group>"; };
		243707A7194FCB6400D8040E /* ALWelcomeView.m */ = {isa = PBXFileReference; fileEncoding = 4; lastKnownFileType = sourcecode.c.objc; name = ALWelcomeView.m; path = ../ALWelcomeView.m; sourceTree = "<group>"; };
		243707A8194FCB6400D8040E /* ALWelcomeView.xib */ = {isa = PBXFileReference; fileEncoding = 4; lastKnownFileType = file.xib; name = ALWelcomeView.xib; path = ../ALWelcomeView.xib; sourceTree = "<group>"; };
		246C182B197D906500BE9990 /* ALFilterEvent.h */ = {isa = PBXFileReference; fileEncoding = 4; lastKnownFileType = sourcecode.c.h; path = ALFilterEvent.h; sourceTree = "<group>"; };
		246C182C197D906500BE9990 /* ALFilterEvent.m */ = {isa = PBXFileReference; fileEncoding = 4; lastKnownFileType = sourcecode.c.objc; path = ALFilterEvent.m; sourceTree = "<group>"; };
		246C182E197D942D00BE9990 /* ALSearchResultsViewController.h */ = {isa = PBXFileReference; fileEncoding = 4; lastKnownFileType = sourcecode.c.h; path = ALSearchResultsViewController.h; sourceTree = "<group>"; };
		246C182F197D942D00BE9990 /* ALSearchResultsViewController.m */ = {isa = PBXFileReference; fileEncoding = 4; lastKnownFileType = sourcecode.c.objc; path = ALSearchResultsViewController.m; sourceTree = "<group>"; };
		246C1830197D942D00BE9990 /* ALSearchResultsViewController.xib */ = {isa = PBXFileReference; fileEncoding = 4; lastKnownFileType = file.xib; path = ALSearchResultsViewController.xib; sourceTree = "<group>"; };
		246C1833197D9A9700BE9990 /* ALParseQuery.h */ = {isa = PBXFileReference; fileEncoding = 4; lastKnownFileType = sourcecode.c.h; path = ALParseQuery.h; sourceTree = "<group>"; };
		246C1834197D9A9700BE9990 /* ALParseQuery.m */ = {isa = PBXFileReference; fileEncoding = 4; lastKnownFileType = sourcecode.c.objc; path = ALParseQuery.m; sourceTree = "<group>"; };
		24982E021986D3650094191E /* ALKrakenPhotoController.h */ = {isa = PBXFileReference; fileEncoding = 4; lastKnownFileType = sourcecode.c.h; path = ALKrakenPhotoController.h; sourceTree = "<group>"; };
		24982E031986D3650094191E /* ALKrakenPhotoController.m */ = {isa = PBXFileReference; fileEncoding = 4; lastKnownFileType = sourcecode.c.objc; path = ALKrakenPhotoController.m; sourceTree = "<group>"; };
		24982E041986D3650094191E /* ALKrakenPhotoController.xib */ = {isa = PBXFileReference; fileEncoding = 4; lastKnownFileType = file.xib; path = ALKrakenPhotoController.xib; sourceTree = "<group>"; };
		24982E081987EB850094191E /* ALThumbCollectionCell.h */ = {isa = PBXFileReference; fileEncoding = 4; lastKnownFileType = sourcecode.c.h; path = ALThumbCollectionCell.h; sourceTree = "<group>"; };
		24982E091987EB850094191E /* ALThumbCollectionCell.m */ = {isa = PBXFileReference; fileEncoding = 4; lastKnownFileType = sourcecode.c.objc; path = ALThumbCollectionCell.m; sourceTree = "<group>"; };
		24982E0B1987EEFC0094191E /* ALThumbCollectionCell.xib */ = {isa = PBXFileReference; fileEncoding = 4; lastKnownFileType = file.xib; path = ALThumbCollectionCell.xib; sourceTree = "<group>"; };
		24A60E1C19BE9020009657F7 /* ALAddToDoItem.h */ = {isa = PBXFileReference; fileEncoding = 4; lastKnownFileType = sourcecode.c.h; path = ALAddToDoItem.h; sourceTree = "<group>"; };
		24A60E1D19BE9020009657F7 /* ALAddToDoItem.m */ = {isa = PBXFileReference; fileEncoding = 4; lastKnownFileType = sourcecode.c.objc; path = ALAddToDoItem.m; sourceTree = "<group>"; };
		24A7C5F819744926005FAB18 /* menuViewController.h */ = {isa = PBXFileReference; fileEncoding = 4; lastKnownFileType = sourcecode.c.h; name = menuViewController.h; path = ../menuViewController.h; sourceTree = "<group>"; };
		24A7C5F919744926005FAB18 /* menuViewController.m */ = {isa = PBXFileReference; fileEncoding = 4; lastKnownFileType = sourcecode.c.objc; name = menuViewController.m; path = ../menuViewController.m; sourceTree = "<group>"; };
		24A7C5FA19744926005FAB18 /* menuViewController.xib */ = {isa = PBXFileReference; fileEncoding = 4; lastKnownFileType = file.xib; name = menuViewController.xib; path = ../menuViewController.xib; sourceTree = "<group>"; };
		24A7C5FD19744CF9005FAB18 /* AVFoundation.framework */ = {isa = PBXFileReference; lastKnownFileType = wrapper.framework; name = AVFoundation.framework; path = System/Library/Frameworks/AVFoundation.framework; sourceTree = SDKROOT; };
		24A7C60219744E76005FAB18 /* OceanSounds.mp3 */ = {isa = PBXFileReference; lastKnownFileType = audio.mp3; name = OceanSounds.mp3; path = LakesKraken/OceanSounds.mp3; sourceTree = "<group>"; };
		24ACAEC719CA086100293B61 /* ALToDoItem.h */ = {isa = PBXFileReference; fileEncoding = 4; lastKnownFileType = sourcecode.c.h; path = ALToDoItem.h; sourceTree = "<group>"; };
		24ACAEC819CA086100293B61 /* ALToDoItem.m */ = {isa = PBXFileReference; fileEncoding = 4; lastKnownFileType = sourcecode.c.objc; path = ALToDoItem.m; sourceTree = "<group>"; };
		24B1CCCA197A318C000B7309 /* ALEvent.h */ = {isa = PBXFileReference; fileEncoding = 4; lastKnownFileType = sourcecode.c.h; path = ALEvent.h; sourceTree = "<group>"; };
		24B1CCCB197A318C000B7309 /* ALEvent.m */ = {isa = PBXFileReference; fileEncoding = 4; lastKnownFileType = sourcecode.c.objc; path = ALEvent.m; sourceTree = "<group>"; };
		24B1CCCC197A318C000B7309 /* ALScheduleTableViewCell.h */ = {isa = PBXFileReference; fileEncoding = 4; lastKnownFileType = sourcecode.c.h; path = ALScheduleTableViewCell.h; sourceTree = "<group>"; };
		24B1CCCD197A318C000B7309 /* ALScheduleTableViewCell.m */ = {isa = PBXFileReference; fileEncoding = 4; lastKnownFileType = sourcecode.c.objc; path = ALScheduleTableViewCell.m; sourceTree = "<group>"; };
		24B1CCCE197A318C000B7309 /* ALScheduleTableViewCell.xib */ = {isa = PBXFileReference; fileEncoding = 4; lastKnownFileType = file.xib; path = ALScheduleTableViewCell.xib; sourceTree = "<group>"; };
		24B1CCCF197A318C000B7309 /* ALSearchScheduleViewController.h */ = {isa = PBXFileReference; fileEncoding = 4; lastKnownFileType = sourcecode.c.h; path = ALSearchScheduleViewController.h; sourceTree = "<group>"; };
		24B1CCD0197A318C000B7309 /* ALSearchScheduleViewController.m */ = {isa = PBXFileReference; fileEncoding = 4; lastKnownFileType = sourcecode.c.objc; path = ALSearchScheduleViewController.m; sourceTree = "<group>"; };
		24B1CCD1197A318C000B7309 /* ALSearchScheduleViewController.xib */ = {isa = PBXFileReference; fileEncoding = 4; lastKnownFileType = file.xib; path = ALSearchScheduleViewController.xib; sourceTree = "<group>"; };
		325E97CB6F3F785BF6921793 /* Pods-LakesKraken.release.xcconfig */ = {isa = PBXFileReference; includeInIndex = 1; lastKnownFileType = text.xcconfig; name = "Pods-LakesKraken.release.xcconfig"; path = "Pods/Target Support Files/Pods-LakesKraken/Pods-LakesKraken.release.xcconfig"; sourceTree = "<group>"; };
		62B5C3E9B185E02CFBBBE3D6 /* Pods-LakesKraken.debug.xcconfig */ = {isa = PBXFileReference; includeInIndex = 1; lastKnownFileType = text.xcconfig; name = "Pods-LakesKraken.debug.xcconfig"; path = "Pods/Target Support Files/Pods-LakesKraken/Pods-LakesKraken.debug.xcconfig"; sourceTree = "<group>"; };
/* End PBXFileReference section */

/* Begin PBXFrameworksBuildPhase section */
		24370771194FCB3B00D8040E /* Frameworks */ = {
			isa = PBXFrameworksBuildPhase;
			buildActionMask = 2147483647;
			files = (
				01F0AE641A1A549D006A1AC8 /* MapKit.framework in Frameworks */,
				01CFB86519F9576700EE824B /* CoreData.framework in Frameworks */,
				240F39C9197A30680087D566 /* Social.framework in Frameworks */,
				240F39C7197A2FA70087D566 /* Twitter.framework in Frameworks */,
				240F393F197A2F040087D566 /* SystemConfiguration.framework in Frameworks */,
				240F393D197A2EFF0087D566 /* StoreKit.framework in Frameworks */,
				240F393B197A2EFB0087D566 /* Security.framework in Frameworks */,
				240F3939197A2EF50087D566 /* QuartzCore.framework in Frameworks */,
				240F3937197A2EF10087D566 /* MobileCoreServices.framework in Frameworks */,
				240F3935197A2EE90087D566 /* libz.1.1.3.dylib in Frameworks */,
				240F3933197A2EE20087D566 /* CoreLocation.framework in Frameworks */,
				2437077A194FCB3B00D8040E /* CoreGraphics.framework in Frameworks */,
				240F3931197A2ED70087D566 /* CFNetwork.framework in Frameworks */,
				240F392F197A2EC70087D566 /* AudioToolbox.framework in Frameworks */,
				24A7C5FE19744CF9005FAB18 /* AVFoundation.framework in Frameworks */,
				2437077C194FCB3B00D8040E /* UIKit.framework in Frameworks */,
				24370778194FCB3B00D8040E /* Foundation.framework in Frameworks */,
				240F392D197A2EB80087D566 /* Parse.framework in Frameworks */,
				387300DABE4A41F3B5CD7CED /* libPods-LakesKraken.a in Frameworks */,
			);
			runOnlyForDeploymentPostprocessing = 0;
		};
		2437078C194FCB3B00D8040E /* Frameworks */ = {
			isa = PBXFrameworksBuildPhase;
			buildActionMask = 2147483647;
			files = (
				24370791194FCB3B00D8040E /* XCTest.framework in Frameworks */,
				24370793194FCB3B00D8040E /* UIKit.framework in Frameworks */,
				24370792194FCB3B00D8040E /* Foundation.framework in Frameworks */,
			);
			runOnlyForDeploymentPostprocessing = 0;
		};
/* End PBXFrameworksBuildPhase section */

/* Begin PBXGroup section */
		01B6CB5B1A1BBEFB00520427 /* Principles */ = {
			isa = PBXGroup;
			children = (
				01B6CB561A1BBEF500520427 /* ALPrinciplesViewController.h */,
				01B6CB571A1BBEF500520427 /* ALPrinciplesViewController.m */,
				01B6CB581A1BBEF500520427 /* ALPrinciplesViewController.xib */,
				01DE9ECF1A1F91C700F2EF9B /* ALPrincipleDescriptionController.h */,
				01DE9ED01A1F91C700F2EF9B /* ALPrincipleDescriptionController.m */,
				01DE9ED11A1F91C700F2EF9B /* ALPrincipleDescriptionController.xib */,
			);
			name = Principles;
			sourceTree = "<group>";
		};
		01CFB86619F957B500EE824B /* Data */ = {
			isa = PBXGroup;
			children = (
				01CFB86719F957D400EE824B /* ToDoData.xcdatamodeld */,
			);
			name = Data;
			sourceTree = "<group>";
		};
		01F0AE6A1A1A550F006A1AC8 /* Map */ = {
			isa = PBXGroup;
			children = (
				01F0AE651A1A5504006A1AC8 /* ALMapViewController.h */,
				01F0AE661A1A5504006A1AC8 /* ALMapViewController.m */,
				01F0AE671A1A5504006A1AC8 /* ALMapViewController.xib */,
				01B6CB5C1A1BDFEF00520427 /* ALMapPin.h */,
				01B6CB5D1A1BDFEF00520427 /* ALMapPin.m */,
				01BD8C711A1FDF490082CE29 /* ALDirectionsViewController.h */,
				01BD8C721A1FDF490082CE29 /* ALDirectionsViewController.m */,
				01BD8C731A1FDF490082CE29 /* ALDirectionsViewController.xib */,
			);
			name = Map;
			path = ..;
			sourceTree = "<group>";
		};
		2324399449879AE28AD69233 /* Pods */ = {
			isa = PBXGroup;
			children = (
				62B5C3E9B185E02CFBBBE3D6 /* Pods-LakesKraken.debug.xcconfig */,
				325E97CB6F3F785BF6921793 /* Pods-LakesKraken.release.xcconfig */,
			);
			name = Pods;
			sourceTree = "<group>";
		};
		2437076B194FCB3B00D8040E = {
			isa = PBXGroup;
			children = (
				2437077D194FCB3B00D8040E /* LakesKraken */,
				24370796194FCB3B00D8040E /* LakesKrakenTests */,
				24370776194FCB3B00D8040E /* Frameworks */,
				24370775194FCB3B00D8040E /* Products */,
				2324399449879AE28AD69233 /* Pods */,
			);
			sourceTree = "<group>";
		};
		24370775194FCB3B00D8040E /* Products */ = {
			isa = PBXGroup;
			children = (
				24370774194FCB3B00D8040E /* LakesKraken.app */,
				2437078F194FCB3B00D8040E /* LakesKrakenTests.xctest */,
			);
			name = Products;
			sourceTree = "<group>";
		};
		24370776194FCB3B00D8040E /* Frameworks */ = {
			isa = PBXGroup;
			children = (
				01F0AE631A1A549D006A1AC8 /* MapKit.framework */,
				01CFB86419F9576700EE824B /* CoreData.framework */,
				240F39C8197A30680087D566 /* Social.framework */,
				240F39C6197A2FA70087D566 /* Twitter.framework */,
				240F393E197A2F040087D566 /* SystemConfiguration.framework */,
				240F393C197A2EFF0087D566 /* StoreKit.framework */,
				240F393A197A2EFB0087D566 /* Security.framework */,
				240F3938197A2EF50087D566 /* QuartzCore.framework */,
				240F3936197A2EF10087D566 /* MobileCoreServices.framework */,
				240F3934197A2EE90087D566 /* libz.1.1.3.dylib */,
				240F3932197A2EE20087D566 /* CoreLocation.framework */,
				240F3930197A2ED70087D566 /* CFNetwork.framework */,
				240F392E197A2EC70087D566 /* AudioToolbox.framework */,
				240F392C197A2EB80087D566 /* Parse.framework */,
				24A7C5FD19744CF9005FAB18 /* AVFoundation.framework */,
				24370777194FCB3B00D8040E /* Foundation.framework */,
				24370779194FCB3B00D8040E /* CoreGraphics.framework */,
				2437077B194FCB3B00D8040E /* UIKit.framework */,
				24370790194FCB3B00D8040E /* XCTest.framework */,
				16A46122170A4BCE821B9F3E /* libPods-LakesKraken.a */,
			);
			name = Frameworks;
			sourceTree = "<group>";
		};
		2437077D194FCB3B00D8040E /* LakesKraken */ = {
			isa = PBXGroup;
			children = (
				01F0AE6A1A1A550F006A1AC8 /* Map */,
				24A60E0E19BE8F84009657F7 /* ToDo */,
				24982E0D19888DA80094191E /* PhotoGallery */,
				24982E071986D39B0094191E /* SearchStuff */,
				243707A6194FCB6400D8040E /* ALWelcomeView.h */,
				243707A7194FCB6400D8040E /* ALWelcomeView.m */,
				243707A8194FCB6400D8040E /* ALWelcomeView.xib */,
				24A7C5F819744926005FAB18 /* menuViewController.h */,
				24A7C5F919744926005FAB18 /* menuViewController.m */,
				24A7C5FA19744926005FAB18 /* menuViewController.xib */,
				24370786194FCB3B00D8040E /* ALAppDelegate.h */,
				24370787194FCB3B00D8040E /* ALAppDelegate.m */,
				24370789194FCB3B00D8040E /* Images.xcassets */,
				24A7C5FF19744D15005FAB18 /* Sounds */,
				2437077E194FCB3B00D8040E /* Supporting Files */,
				24A7C5F71974468C005FAB18 /* Images */,
				01B6CB5B1A1BBEFB00520427 /* Principles */,
			);
			path = LakesKraken;
			sourceTree = "<group>";
		};
		2437077E194FCB3B00D8040E /* Supporting Files */ = {
			isa = PBXGroup;
			children = (
				2437077F194FCB3B00D8040E /* LakesKraken-Info.plist */,
				24370780194FCB3B00D8040E /* InfoPlist.strings */,
				24370783194FCB3B00D8040E /* main.m */,
				24370785194FCB3B00D8040E /* LakesKraken-Prefix.pch */,
			);
			name = "Supporting Files";
			sourceTree = "<group>";
		};
		24370796194FCB3B00D8040E /* LakesKrakenTests */ = {
			isa = PBXGroup;
			children = (
				2437079C194FCB3B00D8040E /* LakesKrakenTests.m */,
				24370797194FCB3B00D8040E /* Supporting Files */,
			);
			path = LakesKrakenTests;
			sourceTree = "<group>";
		};
		24370797194FCB3B00D8040E /* Supporting Files */ = {
			isa = PBXGroup;
			children = (
				24370798194FCB3B00D8040E /* LakesKrakenTests-Info.plist */,
				24370799194FCB3B00D8040E /* InfoPlist.strings */,
			);
			name = "Supporting Files";
			sourceTree = "<group>";
		};
		24982E071986D39B0094191E /* SearchStuff */ = {
			isa = PBXGroup;
			children = (
				24B1CCCF197A318C000B7309 /* ALSearchScheduleViewController.h */,
				24B1CCD0197A318C000B7309 /* ALSearchScheduleViewController.m */,
				24B1CCD1197A318C000B7309 /* ALSearchScheduleViewController.xib */,
				246C182E197D942D00BE9990 /* ALSearchResultsViewController.h */,
				246C182F197D942D00BE9990 /* ALSearchResultsViewController.m */,
				246C1830197D942D00BE9990 /* ALSearchResultsViewController.xib */,
				246C182B197D906500BE9990 /* ALFilterEvent.h */,
				246C182C197D906500BE9990 /* ALFilterEvent.m */,
				246C1833197D9A9700BE9990 /* ALParseQuery.h */,
				246C1834197D9A9700BE9990 /* ALParseQuery.m */,
				24B1CCCA197A318C000B7309 /* ALEvent.h */,
				24B1CCCB197A318C000B7309 /* ALEvent.m */,
				24B1CCCC197A318C000B7309 /* ALScheduleTableViewCell.h */,
				24B1CCCD197A318C000B7309 /* ALScheduleTableViewCell.m */,
				24B1CCCE197A318C000B7309 /* ALScheduleTableViewCell.xib */,
			);
			name = SearchStuff;
			sourceTree = "<group>";
		};
		24982E0D19888DA80094191E /* PhotoGallery */ = {
			isa = PBXGroup;
			children = (
				24982E021986D3650094191E /* ALKrakenPhotoController.h */,
				24982E031986D3650094191E /* ALKrakenPhotoController.m */,
				24982E041986D3650094191E /* ALKrakenPhotoController.xib */,
				24982E081987EB850094191E /* ALThumbCollectionCell.h */,
				24982E091987EB850094191E /* ALThumbCollectionCell.m */,
				24982E0B1987EEFC0094191E /* ALThumbCollectionCell.xib */,
			);
			name = PhotoGallery;
			sourceTree = "<group>";
		};
		24A60E0E19BE8F84009657F7 /* ToDo */ = {
			isa = PBXGroup;
			children = (
				01CFB86619F957B500EE824B /* Data */,
				01CFB87519F96C4C00EE824B /* ALToDoTable.h */,
				01CFB87619F96C4C00EE824B /* ALToDoTable.m */,
				01CFB87719F96C4C00EE824B /* ALToDoTable.xib */,
				01CFB87A19FADEDC00EE824B /* ALToDoCell.h */,
				01CFB87B19FADEDC00EE824B /* ALToDoCell.m */,
				01CFB87C19FADEDC00EE824B /* ALToDoCell.xib */,
				24A60E1C19BE9020009657F7 /* ALAddToDoItem.h */,
				24A60E1D19BE9020009657F7 /* ALAddToDoItem.m */,
				01368DCA1A09273B00DE2DDA /* ALAddToDoItem.xib */,
				24ACAEC719CA086100293B61 /* ALToDoItem.h */,
				24ACAEC819CA086100293B61 /* ALToDoItem.m */,
				01368DCC1A09701B00DE2DDA /* ALUpdateListController.h */,
				01368DCD1A09701B00DE2DDA /* ALUpdateListController.m */,
				01368DCE1A09701B00DE2DDA /* ALUpdateListController.xib */,
			);
			name = ToDo;
			sourceTree = "<group>";
		};
		24A7C5F71974468C005FAB18 /* Images */ = {
			isa = PBXGroup;
			children = (
			);
			name = Images;
			path = ..;
			sourceTree = "<group>";
		};
		24A7C5FF19744D15005FAB18 /* Sounds */ = {
			isa = PBXGroup;
			children = (
				24A7C60219744E76005FAB18 /* OceanSounds.mp3 */,
			);
			name = Sounds;
			path = ..;
			sourceTree = "<group>";
		};
/* End PBXGroup section */

/* Begin PBXNativeTarget section */
		24370773194FCB3B00D8040E /* LakesKraken */ = {
			isa = PBXNativeTarget;
			buildConfigurationList = 243707A0194FCB3B00D8040E /* Build configuration list for PBXNativeTarget "LakesKraken" */;
			buildPhases = (
				D5AE392A0888493CBB2DCB85 /* Check Pods Manifest.lock */,
				24370770194FCB3B00D8040E /* Sources */,
				24370771194FCB3B00D8040E /* Frameworks */,
				24370772194FCB3B00D8040E /* Resources */,
				BAAAE1951AC34D3ABE842264 /* Copy Pods Resources */,
			);
			buildRules = (
			);
			dependencies = (
			);
			name = LakesKraken;
			productName = LakesKraken;
			productReference = 24370774194FCB3B00D8040E /* LakesKraken.app */;
			productType = "com.apple.product-type.application";
		};
		2437078E194FCB3B00D8040E /* LakesKrakenTests */ = {
			isa = PBXNativeTarget;
			buildConfigurationList = 243707A3194FCB3B00D8040E /* Build configuration list for PBXNativeTarget "LakesKrakenTests" */;
			buildPhases = (
				2437078B194FCB3B00D8040E /* Sources */,
				2437078C194FCB3B00D8040E /* Frameworks */,
				2437078D194FCB3B00D8040E /* Resources */,
			);
			buildRules = (
			);
			dependencies = (
				24370795194FCB3B00D8040E /* PBXTargetDependency */,
			);
			name = LakesKrakenTests;
			productName = LakesKrakenTests;
			productReference = 2437078F194FCB3B00D8040E /* LakesKrakenTests.xctest */;
			productType = "com.apple.product-type.bundle.unit-test";
		};
/* End PBXNativeTarget section */

/* Begin PBXProject section */
		2437076C194FCB3B00D8040E /* Project object */ = {
			isa = PBXProject;
			attributes = {
				CLASSPREFIX = AL;
				LastUpgradeCheck = 0510;
				ORGANIZATIONNAME = DetroitLabsUser;
				TargetAttributes = {
					24370773194FCB3B00D8040E = {
						SystemCapabilities = {
							com.apple.Maps.iOS = {
								enabled = 1;
							};
						};
					};
					2437078E194FCB3B00D8040E = {
						TestTargetID = 24370773194FCB3B00D8040E;
					};
				};
			};
			buildConfigurationList = 2437076F194FCB3B00D8040E /* Build configuration list for PBXProject "LakesKraken" */;
			compatibilityVersion = "Xcode 3.2";
			developmentRegion = English;
			hasScannedForEncodings = 0;
			knownRegions = (
				en,
			);
			mainGroup = 2437076B194FCB3B00D8040E;
			productRefGroup = 24370775194FCB3B00D8040E /* Products */;
			projectDirPath = "";
			projectRoot = "";
			targets = (
				24370773194FCB3B00D8040E /* LakesKraken */,
				2437078E194FCB3B00D8040E /* LakesKrakenTests */,
			);
		};
/* End PBXProject section */

/* Begin PBXResourcesBuildPhase section */
		24370772194FCB3B00D8040E /* Resources */ = {
			isa = PBXResourcesBuildPhase;
			buildActionMask = 2147483647;
			files = (
				24B1CCD4197A318C000B7309 /* ALScheduleTableViewCell.xib in Resources */,
				24982E0C1987EEFC0094191E /* ALThumbCollectionCell.xib in Resources */,
				01BD8C751A1FDF490082CE29 /* ALDirectionsViewController.xib in Resources */,
				01B6CB5A1A1BBEF500520427 /* ALPrinciplesViewController.xib in Resources */,
				01F0AE691A1A5504006A1AC8 /* ALMapViewController.xib in Resources */,
				24B1CCD6197A318C000B7309 /* ALSearchScheduleViewController.xib in Resources */,
				01368DD01A09701B00DE2DDA /* ALUpdateListController.xib in Resources */,
				246C1832197D942D00BE9990 /* ALSearchResultsViewController.xib in Resources */,
				01CFB87E19FADEDC00EE824B /* ALToDoCell.xib in Resources */,
				24370782194FCB3B00D8040E /* InfoPlist.strings in Resources */,
				01CFB87919F96C4C00EE824B /* ALToDoTable.xib in Resources */,
				01DE9ED31A1F91C700F2EF9B /* ALPrincipleDescriptionController.xib in Resources */,
				2437078A194FCB3B00D8040E /* Images.xcassets in Resources */,
				24A7C5FC19744926005FAB18 /* menuViewController.xib in Resources */,
				01368DCB1A09273B00DE2DDA /* ALAddToDoItem.xib in Resources */,
				243707AA194FCB6400D8040E /* ALWelcomeView.xib in Resources */,
				24982E061986D3650094191E /* ALKrakenPhotoController.xib in Resources */,
				24ACAEC619CA054E00293B61 /* (null) in Resources */,
				24A7C60319744E76005FAB18 /* OceanSounds.mp3 in Resources */,
			);
			runOnlyForDeploymentPostprocessing = 0;
		};
		2437078D194FCB3B00D8040E /* Resources */ = {
			isa = PBXResourcesBuildPhase;
			buildActionMask = 2147483647;
			files = (
				2437079B194FCB3B00D8040E /* InfoPlist.strings in Resources */,
			);
			runOnlyForDeploymentPostprocessing = 0;
		};
/* End PBXResourcesBuildPhase section */

/* Begin PBXShellScriptBuildPhase section */
		BAAAE1951AC34D3ABE842264 /* Copy Pods Resources */ = {
			isa = PBXShellScriptBuildPhase;
			buildActionMask = 2147483647;
			files = (
			);
			inputPaths = (
			);
			name = "Copy Pods Resources";
			outputPaths = (
			);
			runOnlyForDeploymentPostprocessing = 0;
			shellPath = /bin/sh;
			shellScript = "\"${SRCROOT}/Pods/Target Support Files/Pods-LakesKraken/Pods-LakesKraken-resources.sh\"\n";
			showEnvVarsInLog = 0;
		};
		D5AE392A0888493CBB2DCB85 /* Check Pods Manifest.lock */ = {
			isa = PBXShellScriptBuildPhase;
			buildActionMask = 2147483647;
			files = (
			);
			inputPaths = (
			);
			name = "Check Pods Manifest.lock";
			outputPaths = (
			);
			runOnlyForDeploymentPostprocessing = 0;
			shellPath = /bin/sh;
			shellScript = "diff \"${PODS_ROOT}/../Podfile.lock\" \"${PODS_ROOT}/Manifest.lock\" > /dev/null\nif [[ $? != 0 ]] ; then\n    cat << EOM\nerror: The sandbox is not in sync with the Podfile.lock. Run 'pod install' or update your CocoaPods installation.\nEOM\n    exit 1\nfi\n";
			showEnvVarsInLog = 0;
		};
/* End PBXShellScriptBuildPhase section */

/* Begin PBXSourcesBuildPhase section */
		24370770194FCB3B00D8040E /* Sources */ = {
			isa = PBXSourcesBuildPhase;
			buildActionMask = 2147483647;
			files = (
				24B1CCD5197A318C000B7309 /* ALSearchScheduleViewController.m in Sources */,
				24982E051986D3650094191E /* ALKrakenPhotoController.m in Sources */,
				246C1831197D942D00BE9990 /* ALSearchResultsViewController.m in Sources */,
				01B6CB5E1A1BDFEF00520427 /* ALMapPin.m in Sources */,
				01B6CB591A1BBEF500520427 /* ALPrinciplesViewController.m in Sources */,
				24A60E2119BE9020009657F7 /* ALAddToDoItem.m in Sources */,
				24982E0A1987EB850094191E /* ALThumbCollectionCell.m in Sources */,
				243707A9194FCB6400D8040E /* ALWelcomeView.m in Sources */,
				246C1835197D9A9700BE9990 /* ALParseQuery.m in Sources */,
				01CFB87819F96C4C00EE824B /* ALToDoTable.m in Sources */,
				01368DCF1A09701B00DE2DDA /* ALUpdateListController.m in Sources */,
				24B1CCD2197A318C000B7309 /* ALEvent.m in Sources */,
				24370784194FCB3B00D8040E /* main.m in Sources */,
				01CFB87D19FADEDC00EE824B /* ALToDoCell.m in Sources */,
				01F0AE681A1A5504006A1AC8 /* ALMapViewController.m in Sources */,
				24370788194FCB3B00D8040E /* ALAppDelegate.m in Sources */,
				24A7C5FB19744926005FAB18 /* menuViewController.m in Sources */,
				01DE9ED21A1F91C700F2EF9B /* ALPrincipleDescriptionController.m in Sources */,
				01CFB86919F957D400EE824B /* ToDoData.xcdatamodeld in Sources */,
				24B1CCD3197A318C000B7309 /* ALScheduleTableViewCell.m in Sources */,
				246C182D197D906500BE9990 /* ALFilterEvent.m in Sources */,
				01BD8C741A1FDF490082CE29 /* ALDirectionsViewController.m in Sources */,
			);
			runOnlyForDeploymentPostprocessing = 0;
		};
		2437078B194FCB3B00D8040E /* Sources */ = {
			isa = PBXSourcesBuildPhase;
			buildActionMask = 2147483647;
			files = (
				2437079D194FCB3B00D8040E /* LakesKrakenTests.m in Sources */,
			);
			runOnlyForDeploymentPostprocessing = 0;
		};
/* End PBXSourcesBuildPhase section */

/* Begin PBXTargetDependency section */
		24370795194FCB3B00D8040E /* PBXTargetDependency */ = {
			isa = PBXTargetDependency;
			target = 24370773194FCB3B00D8040E /* LakesKraken */;
			targetProxy = 24370794194FCB3B00D8040E /* PBXContainerItemProxy */;
		};
/* End PBXTargetDependency section */

/* Begin PBXVariantGroup section */
		24370780194FCB3B00D8040E /* InfoPlist.strings */ = {
			isa = PBXVariantGroup;
			children = (
				24370781194FCB3B00D8040E /* en */,
			);
			name = InfoPlist.strings;
			sourceTree = "<group>";
		};
		24370799194FCB3B00D8040E /* InfoPlist.strings */ = {
			isa = PBXVariantGroup;
			children = (
				2437079A194FCB3B00D8040E /* en */,
			);
			name = InfoPlist.strings;
			sourceTree = "<group>";
		};
/* End PBXVariantGroup section */

/* Begin XCBuildConfiguration section */
		2437079E194FCB3B00D8040E /* Debug */ = {
			isa = XCBuildConfiguration;
			buildSettings = {
				ALWAYS_SEARCH_USER_PATHS = NO;
				CLANG_CXX_LANGUAGE_STANDARD = "gnu++0x";
				CLANG_CXX_LIBRARY = "libc++";
				CLANG_ENABLE_MODULES = YES;
				CLANG_ENABLE_OBJC_ARC = YES;
				CLANG_WARN_BOOL_CONVERSION = YES;
				CLANG_WARN_CONSTANT_CONVERSION = YES;
				CLANG_WARN_DIRECT_OBJC_ISA_USAGE = YES_ERROR;
				CLANG_WARN_EMPTY_BODY = YES;
				CLANG_WARN_ENUM_CONVERSION = YES;
				CLANG_WARN_INT_CONVERSION = YES;
				CLANG_WARN_OBJC_ROOT_CLASS = YES_ERROR;
				CLANG_WARN__DUPLICATE_METHOD_MATCH = YES;
				"CODE_SIGN_IDENTITY[sdk=iphoneos*]" = "iPhone Developer";
				COPY_PHASE_STRIP = NO;
				GCC_C_LANGUAGE_STANDARD = gnu99;
				GCC_DYNAMIC_NO_PIC = NO;
				GCC_OPTIMIZATION_LEVEL = 0;
				GCC_PREPROCESSOR_DEFINITIONS = (
					"DEBUG=1",
					"$(inherited)",
				);
				GCC_SYMBOLS_PRIVATE_EXTERN = NO;
				GCC_WARN_64_TO_32_BIT_CONVERSION = YES;
				GCC_WARN_ABOUT_RETURN_TYPE = YES_ERROR;
				GCC_WARN_UNDECLARED_SELECTOR = YES;
				GCC_WARN_UNINITIALIZED_AUTOS = YES_AGGRESSIVE;
				GCC_WARN_UNUSED_FUNCTION = YES;
				GCC_WARN_UNUSED_VARIABLE = YES;
				IPHONEOS_DEPLOYMENT_TARGET = 7.1;
				ONLY_ACTIVE_ARCH = YES;
				SDKROOT = iphoneos;
			};
			name = Debug;
		};
		2437079F194FCB3B00D8040E /* Release */ = {
			isa = XCBuildConfiguration;
			buildSettings = {
				ALWAYS_SEARCH_USER_PATHS = NO;
				CLANG_CXX_LANGUAGE_STANDARD = "gnu++0x";
				CLANG_CXX_LIBRARY = "libc++";
				CLANG_ENABLE_MODULES = YES;
				CLANG_ENABLE_OBJC_ARC = YES;
				CLANG_WARN_BOOL_CONVERSION = YES;
				CLANG_WARN_CONSTANT_CONVERSION = YES;
				CLANG_WARN_DIRECT_OBJC_ISA_USAGE = YES_ERROR;
				CLANG_WARN_EMPTY_BODY = YES;
				CLANG_WARN_ENUM_CONVERSION = YES;
				CLANG_WARN_INT_CONVERSION = YES;
				CLANG_WARN_OBJC_ROOT_CLASS = YES_ERROR;
				CLANG_WARN__DUPLICATE_METHOD_MATCH = YES;
				"CODE_SIGN_IDENTITY[sdk=iphoneos*]" = "iPhone Developer";
				COPY_PHASE_STRIP = YES;
				ENABLE_NS_ASSERTIONS = NO;
				GCC_C_LANGUAGE_STANDARD = gnu99;
				GCC_WARN_64_TO_32_BIT_CONVERSION = YES;
				GCC_WARN_ABOUT_RETURN_TYPE = YES_ERROR;
				GCC_WARN_UNDECLARED_SELECTOR = YES;
				GCC_WARN_UNINITIALIZED_AUTOS = YES_AGGRESSIVE;
				GCC_WARN_UNUSED_FUNCTION = YES;
				GCC_WARN_UNUSED_VARIABLE = YES;
				IPHONEOS_DEPLOYMENT_TARGET = 7.1;
				SDKROOT = iphoneos;
				VALIDATE_PRODUCT = YES;
			};
			name = Release;
		};
		243707A1194FCB3B00D8040E /* Debug */ = {
			isa = XCBuildConfiguration;
			baseConfigurationReference = 62B5C3E9B185E02CFBBBE3D6 /* Pods-LakesKraken.debug.xcconfig */;
			buildSettings = {
				ASSETCATALOG_COMPILER_APPICON_NAME = AppIcon;
				ASSETCATALOG_COMPILER_LAUNCHIMAGE_NAME = LaunchImage;
				FRAMEWORK_SEARCH_PATHS = (
					"$(inherited)",
					"$(PROJECT_DIR)",
					"$(PROJECT_DIR)/LakesKraken",
				);
				GCC_PRECOMPILE_PREFIX_HEADER = YES;
				GCC_PREFIX_HEADER = "LakesKraken/LakesKraken-Prefix.pch";
				INFOPLIST_FILE = "LakesKraken/LakesKraken-Info.plist";
				IPHONEOS_DEPLOYMENT_TARGET = 8.0;
				PRODUCT_NAME = "$(TARGET_NAME)";
				WRAPPER_EXTENSION = app;
			};
			name = Debug;
		};
		243707A2194FCB3B00D8040E /* Release */ = {
			isa = XCBuildConfiguration;
			baseConfigurationReference = 325E97CB6F3F785BF6921793 /* Pods-LakesKraken.release.xcconfig */;
			buildSettings = {
				ASSETCATALOG_COMPILER_APPICON_NAME = AppIcon;
				ASSETCATALOG_COMPILER_LAUNCHIMAGE_NAME = LaunchImage;
				FRAMEWORK_SEARCH_PATHS = (
					"$(inherited)",
					"$(PROJECT_DIR)",
					"$(PROJECT_DIR)/LakesKraken",
				);
				GCC_PRECOMPILE_PREFIX_HEADER = YES;
				GCC_PREFIX_HEADER = "LakesKraken/LakesKraken-Prefix.pch";
				INFOPLIST_FILE = "LakesKraken/LakesKraken-Info.plist";
				IPHONEOS_DEPLOYMENT_TARGET = 8.0;
				PRODUCT_NAME = "$(TARGET_NAME)";
				WRAPPER_EXTENSION = app;
			};
			name = Release;
		};
		243707A4194FCB3B00D8040E /* Debug */ = {
			isa = XCBuildConfiguration;
			buildSettings = {
				BUNDLE_LOADER = "$(BUILT_PRODUCTS_DIR)/LakesKraken.app/LakesKraken";
				FRAMEWORK_SEARCH_PATHS = (
					"$(SDKROOT)/Developer/Library/Frameworks",
					"$(inherited)",
					"$(DEVELOPER_FRAMEWORKS_DIR)",
				);
				GCC_PRECOMPILE_PREFIX_HEADER = YES;
				GCC_PREFIX_HEADER = "LakesKraken/LakesKraken-Prefix.pch";
				GCC_PREPROCESSOR_DEFINITIONS = (
					"DEBUG=1",
					"$(inherited)",
				);
				INFOPLIST_FILE = "LakesKrakenTests/LakesKrakenTests-Info.plist";
				PRODUCT_NAME = "$(TARGET_NAME)";
				TEST_HOST = "$(BUNDLE_LOADER)";
				WRAPPER_EXTENSION = xctest;
			};
			name = Debug;
		};
		243707A5194FCB3B00D8040E /* Release */ = {
			isa = XCBuildConfiguration;
			buildSettings = {
				BUNDLE_LOADER = "$(BUILT_PRODUCTS_DIR)/LakesKraken.app/LakesKraken";
				FRAMEWORK_SEARCH_PATHS = (
					"$(SDKROOT)/Developer/Library/Frameworks",
					"$(inherited)",
					"$(DEVELOPER_FRAMEWORKS_DIR)",
				);
				GCC_PRECOMPILE_PREFIX_HEADER = YES;
				GCC_PREFIX_HEADER = "LakesKraken/LakesKraken-Prefix.pch";
				INFOPLIST_FILE = "LakesKrakenTests/LakesKrakenTests-Info.plist";
				PRODUCT_NAME = "$(TARGET_NAME)";
				TEST_HOST = "$(BUNDLE_LOADER)";
				WRAPPER_EXTENSION = xctest;
			};
			name = Release;
		};
/* End XCBuildConfiguration section */

/* Begin XCConfigurationList section */
		2437076F194FCB3B00D8040E /* Build configuration list for PBXProject "LakesKraken" */ = {
			isa = XCConfigurationList;
			buildConfigurations = (
				2437079E194FCB3B00D8040E /* Debug */,
				2437079F194FCB3B00D8040E /* Release */,
			);
			defaultConfigurationIsVisible = 0;
			defaultConfigurationName = Release;
		};
		243707A0194FCB3B00D8040E /* Build configuration list for PBXNativeTarget "LakesKraken" */ = {
			isa = XCConfigurationList;
			buildConfigurations = (
				243707A1194FCB3B00D8040E /* Debug */,
				243707A2194FCB3B00D8040E /* Release */,
			);
			defaultConfigurationIsVisible = 0;
			defaultConfigurationName = Release;
		};
		243707A3194FCB3B00D8040E /* Build configuration list for PBXNativeTarget "LakesKrakenTests" */ = {
			isa = XCConfigurationList;
			buildConfigurations = (
				243707A4194FCB3B00D8040E /* Debug */,
				243707A5194FCB3B00D8040E /* Release */,
			);
			defaultConfigurationIsVisible = 0;
			defaultConfigurationName = Release;
		};
/* End XCConfigurationList section */

/* Begin XCVersionGroup section */
		01CFB86719F957D400EE824B /* ToDoData.xcdatamodeld */ = {
			isa = XCVersionGroup;
			children = (
				01CFB86819F957D400EE824B /* ToDoData.xcdatamodel */,
			);
			currentVersion = 01CFB86819F957D400EE824B /* ToDoData.xcdatamodel */;
			path = ToDoData.xcdatamodeld;
			sourceTree = "<group>";
			versionGroupType = wrapper.xcdatamodel;
		};
/* End XCVersionGroup section */
	};
	rootObject = 2437076C194FCB3B00D8040E /* Project object */;
}
